
Microsoft Visual Studio Solution File, Format Version 12.00
# Visual Studio 15
VisualStudioVersion = 15.0.27703.2047
MinimumVisualStudioVersion = 10.0.40219.1
Project("{9A19103F-16F7-4668-BE54-9A1E7A4F7556}") = "SWOF.Api", "src\SWOF.Api\SWOF.Api.csproj", "{C28B51BA-2F28-43A2-8DA1-4CAD3CFF7DB0}"
EndProject
Project("{9A19103F-16F7-4668-BE54-9A1E7A4F7556}") = "SWOF.Database", "src\SWOF.Database\SWOF.Database.csproj", "{AD54915F-8CF8-4703-8620-D365CF9464F7}"
EndProject
Project("{9A19103F-16F7-4668-BE54-9A1E7A4F7556}") = "SWOF.Api.Tests", "src\SWOF.Api.Tests\SWOF.Api.Tests.csproj", "{53A74D4F-B490-4E56-8447-C529D724DBED}"
EndProject
Global
	GlobalSection(SolutionConfigurationPlatforms) = preSolution
		Debug|Any CPU = Debug|Any CPU
		Release|Any CPU = Release|Any CPU
	EndGlobalSection
	GlobalSection(ProjectConfigurationPlatforms) = postSolution
		{C28B51BA-2F28-43A2-8DA1-4CAD3CFF7DB0}.Debug|Any CPU.ActiveCfg = Debug|Any CPU
		{C28B51BA-2F28-43A2-8DA1-4CAD3CFF7DB0}.Debug|Any CPU.Build.0 = Debug|Any CPU
		{C28B51BA-2F28-43A2-8DA1-4CAD3CFF7DB0}.Release|Any CPU.ActiveCfg = Release|Any CPU
		{C28B51BA-2F28-43A2-8DA1-4CAD3CFF7DB0}.Release|Any CPU.Build.0 = Release|Any CPU
		{AD54915F-8CF8-4703-8620-D365CF9464F7}.Debug|Any CPU.ActiveCfg = Debug|Any CPU
		{AD54915F-8CF8-4703-8620-D365CF9464F7}.Debug|Any CPU.Build.0 = Debug|Any CPU
		{AD54915F-8CF8-4703-8620-D365CF9464F7}.Release|Any CPU.ActiveCfg = Release|Any CPU
		{AD54915F-8CF8-4703-8620-D365CF9464F7}.Release|Any CPU.Build.0 = Release|Any CPU
		{53A74D4F-B490-4E56-8447-C529D724DBED}.Debug|Any CPU.ActiveCfg = Debug|Any CPU
		{53A74D4F-B490-4E56-8447-C529D724DBED}.Debug|Any CPU.Build.0 = Debug|Any CPU
		{53A74D4F-B490-4E56-8447-C529D724DBED}.Release|Any CPU.ActiveCfg = Release|Any CPU
		{53A74D4F-B490-4E56-8447-C529D724DBED}.Release|Any CPU.Build.0 = Release|Any CPU
	EndGlobalSection
	GlobalSection(SolutionProperties) = preSolution
		HideSolutionNode = FALSE
	EndGlobalSection
	GlobalSection(ExtensibilityGlobals) = postSolution
		SolutionGuid = {1D424A85-3050-40B0-84F5-A94CD75ACD1F}
	EndGlobalSection
EndGlobal
